// !$*UTF8*$!
{
	archiveVersion = 1;
	classes = {
	};
	objectVersion = 56;
	objects = {

/* Begin PBXBuildFile section */
		DAA6019329B4E4F8007DE182 /* LoginViewModel.swift in Sources */ = {isa = PBXBuildFile; fileRef = DAA6019229B4E4F8007DE182 /* LoginViewModel.swift */; };
		DAA6019529B4F9C3007DE182 /* RegistrationViewModel.swift in Sources */ = {isa = PBXBuildFile; fileRef = DAA6019429B4F9C3007DE182 /* RegistrationViewModel.swift */; };
		DAB2E8A529B33F6800DF8819 /* AppDelegate.swift in Sources */ = {isa = PBXBuildFile; fileRef = DAB2E8A429B33F6800DF8819 /* AppDelegate.swift */; };
		DAB2E8A729B33F6800DF8819 /* SceneDelegate.swift in Sources */ = {isa = PBXBuildFile; fileRef = DAB2E8A629B33F6800DF8819 /* SceneDelegate.swift */; };
		DAB2E8A929B33F6800DF8819 /* ViewController.swift in Sources */ = {isa = PBXBuildFile; fileRef = DAB2E8A829B33F6800DF8819 /* ViewController.swift */; };
		DAB2E8AC29B33F6800DF8819 /* Main.storyboard in Resources */ = {isa = PBXBuildFile; fileRef = DAB2E8AA29B33F6800DF8819 /* Main.storyboard */; };
		DAB2E8AE29B33F6A00DF8819 /* Assets.xcassets in Resources */ = {isa = PBXBuildFile; fileRef = DAB2E8AD29B33F6A00DF8819 /* Assets.xcassets */; };
		DAB2E8B129B33F6A00DF8819 /* LaunchScreen.storyboard in Resources */ = {isa = PBXBuildFile; fileRef = DAB2E8AF29B33F6A00DF8819 /* LaunchScreen.storyboard */; };
		DAB2E8BF29B342FD00DF8819 /* ConversationController.swift in Sources */ = {isa = PBXBuildFile; fileRef = DAB2E8BE29B342FD00DF8819 /* ConversationController.swift */; };
		DABB44CE29B4782B0024D7CD /* InputContainerView.swift in Sources */ = {isa = PBXBuildFile; fileRef = DABB44CD29B4782B0024D7CD /* InputContainerView.swift */; };
		DABB44D029B47DED0024D7CD /* CustomTextField.swift in Sources */ = {isa = PBXBuildFile; fileRef = DABB44CF29B47DED0024D7CD /* CustomTextField.swift */; };
		DABE115929B786F7003BC48A /* GoogleService-Info.plist in Resources */ = {isa = PBXBuildFile; fileRef = DABE115829B786F7003BC48A /* GoogleService-Info.plist */; };
		DABE115C29B78A2B003BC48A /* FirebaseAnalytics in Frameworks */ = {isa = PBXBuildFile; productRef = DABE115B29B78A2B003BC48A /* FirebaseAnalytics */; };
		DABE115E29B78A2B003BC48A /* FirebaseAnalyticsOnDeviceConversion in Frameworks */ = {isa = PBXBuildFile; productRef = DABE115D29B78A2B003BC48A /* FirebaseAnalyticsOnDeviceConversion */; };
		DABE116029B78A2B003BC48A /* FirebaseAnalyticsSwift in Frameworks */ = {isa = PBXBuildFile; productRef = DABE115F29B78A2B003BC48A /* FirebaseAnalyticsSwift */; };
		DABE116229B78A2B003BC48A /* FirebaseAnalyticsWithoutAdIdSupport in Frameworks */ = {isa = PBXBuildFile; productRef = DABE116129B78A2B003BC48A /* FirebaseAnalyticsWithoutAdIdSupport */; };
		DABE116429B78A2B003BC48A /* FirebaseAppCheck in Frameworks */ = {isa = PBXBuildFile; productRef = DABE116329B78A2B003BC48A /* FirebaseAppCheck */; };
		DABE116629B78A2B003BC48A /* FirebaseAppDistribution-Beta in Frameworks */ = {isa = PBXBuildFile; productRef = DABE116529B78A2B003BC48A /* FirebaseAppDistribution-Beta */; };
		DABE116829B78A2B003BC48A /* FirebaseAuth in Frameworks */ = {isa = PBXBuildFile; productRef = DABE116729B78A2B003BC48A /* FirebaseAuth */; };
		DABE116A29B78A2B003BC48A /* FirebaseAuthCombine-Community in Frameworks */ = {isa = PBXBuildFile; productRef = DABE116929B78A2B003BC48A /* FirebaseAuthCombine-Community */; };
		DABE116C29B78A2B003BC48A /* FirebaseCrashlytics in Frameworks */ = {isa = PBXBuildFile; productRef = DABE116B29B78A2B003BC48A /* FirebaseCrashlytics */; };
		DABE116E29B78A2B003BC48A /* FirebaseDatabase in Frameworks */ = {isa = PBXBuildFile; productRef = DABE116D29B78A2B003BC48A /* FirebaseDatabase */; };
		DABE117029B78A2B003BC48A /* FirebaseDatabaseSwift in Frameworks */ = {isa = PBXBuildFile; productRef = DABE116F29B78A2B003BC48A /* FirebaseDatabaseSwift */; };
		DABE117229B78A2B003BC48A /* FirebaseDynamicLinks in Frameworks */ = {isa = PBXBuildFile; productRef = DABE117129B78A2B003BC48A /* FirebaseDynamicLinks */; };
		DABE117429B78A2B003BC48A /* FirebaseFirestore in Frameworks */ = {isa = PBXBuildFile; productRef = DABE117329B78A2B003BC48A /* FirebaseFirestore */; };
		DABE117629B78A2B003BC48A /* FirebaseFirestoreCombine-Community in Frameworks */ = {isa = PBXBuildFile; productRef = DABE117529B78A2B003BC48A /* FirebaseFirestoreCombine-Community */; };
		DABE117829B78A2B003BC48A /* FirebaseFirestoreSwift in Frameworks */ = {isa = PBXBuildFile; productRef = DABE117729B78A2B003BC48A /* FirebaseFirestoreSwift */; };
		DABE117A29B78A2B003BC48A /* FirebaseFunctions in Frameworks */ = {isa = PBXBuildFile; productRef = DABE117929B78A2B003BC48A /* FirebaseFunctions */; };
		DABE117C29B78A2B003BC48A /* FirebaseFunctionsCombine-Community in Frameworks */ = {isa = PBXBuildFile; productRef = DABE117B29B78A2B003BC48A /* FirebaseFunctionsCombine-Community */; };
		DABE117E29B78A2B003BC48A /* FirebaseInAppMessaging-Beta in Frameworks */ = {isa = PBXBuildFile; productRef = DABE117D29B78A2B003BC48A /* FirebaseInAppMessaging-Beta */; };
		DABE118029B78A2B003BC48A /* FirebaseInAppMessagingSwift-Beta in Frameworks */ = {isa = PBXBuildFile; productRef = DABE117F29B78A2B003BC48A /* FirebaseInAppMessagingSwift-Beta */; };
		DABE118229B78A2B003BC48A /* FirebaseInstallations in Frameworks */ = {isa = PBXBuildFile; productRef = DABE118129B78A2B003BC48A /* FirebaseInstallations */; };
		DABE118429B78A2B003BC48A /* FirebaseMLModelDownloader in Frameworks */ = {isa = PBXBuildFile; productRef = DABE118329B78A2B003BC48A /* FirebaseMLModelDownloader */; };
		DABE118629B78A2B003BC48A /* FirebaseMessaging in Frameworks */ = {isa = PBXBuildFile; productRef = DABE118529B78A2B003BC48A /* FirebaseMessaging */; };
		DABE118829B78A2B003BC48A /* FirebasePerformance in Frameworks */ = {isa = PBXBuildFile; productRef = DABE118729B78A2B003BC48A /* FirebasePerformance */; };
		DABE118A29B78A2B003BC48A /* FirebaseRemoteConfig in Frameworks */ = {isa = PBXBuildFile; productRef = DABE118929B78A2B003BC48A /* FirebaseRemoteConfig */; };
		DABE118C29B78A2B003BC48A /* FirebaseRemoteConfigSwift in Frameworks */ = {isa = PBXBuildFile; productRef = DABE118B29B78A2B003BC48A /* FirebaseRemoteConfigSwift */; };
		DABE118E29B78A2B003BC48A /* FirebaseStorage in Frameworks */ = {isa = PBXBuildFile; productRef = DABE118D29B78A2B003BC48A /* FirebaseStorage */; };
		DABE119029B78A2B003BC48A /* FirebaseStorageCombine-Community in Frameworks */ = {isa = PBXBuildFile; productRef = DABE118F29B78A2B003BC48A /* FirebaseStorageCombine-Community */; };
		DABE119329B78AE6003BC48A /* JGProgressHUD in Frameworks */ = {isa = PBXBuildFile; productRef = DABE119229B78AE6003BC48A /* JGProgressHUD */; };
		DABE119629B78B4A003BC48A /* SDWebImage in Frameworks */ = {isa = PBXBuildFile; productRef = DABE119529B78B4A003BC48A /* SDWebImage */; };
		DABE119829B78B4A003BC48A /* SDWebImageMapKit in Frameworks */ = {isa = PBXBuildFile; productRef = DABE119729B78B4A003BC48A /* SDWebImageMapKit */; };
		DAC166DC29B393FC0008C352 /* LoginController.swift in Sources */ = {isa = PBXBuildFile; fileRef = DAC166DB29B393FC0008C352 /* LoginController.swift */; };
		DAC166DE29B394130008C352 /* RegistrationController.swift in Sources */ = {isa = PBXBuildFile; fileRef = DAC166DD29B394130008C352 /* RegistrationController.swift */; };
		DAC166E029B39B020008C352 /* Extentions.swift in Sources */ = {isa = PBXBuildFile; fileRef = DAC166DF29B39B020008C352 /* Extentions.swift */; };
		DACB826229BC62E9003800BF /* NewMessageController.swift in Sources */ = {isa = PBXBuildFile; fileRef = DACB826129BC62E9003800BF /* NewMessageController.swift */; };
		DACB826429BC6E57003800BF /* UserCell.swift in Sources */ = {isa = PBXBuildFile; fileRef = DACB826329BC6E57003800BF /* UserCell.swift */; };
		DAD4E51529B87F2100928D7E /* AuthService.swift in Sources */ = {isa = PBXBuildFile; fileRef = DAD4E51429B87F2100928D7E /* AuthService.swift */; };
/* End PBXBuildFile section */

/* Begin PBXFileReference section */
		DAA6019229B4E4F8007DE182 /* LoginViewModel.swift */ = {isa = PBXFileReference; lastKnownFileType = sourcecode.swift; path = LoginViewModel.swift; sourceTree = "<group>"; };
		DAA6019429B4F9C3007DE182 /* RegistrationViewModel.swift */ = {isa = PBXFileReference; lastKnownFileType = sourcecode.swift; path = RegistrationViewModel.swift; sourceTree = "<group>"; };
		DAB2E8A129B33F6800DF8819 /* SimpleChatAppWithFirestore.app */ = {isa = PBXFileReference; explicitFileType = wrapper.application; includeInIndex = 0; path = SimpleChatAppWithFirestore.app; sourceTree = BUILT_PRODUCTS_DIR; };
		DAB2E8A429B33F6800DF8819 /* AppDelegate.swift */ = {isa = PBXFileReference; lastKnownFileType = sourcecode.swift; path = AppDelegate.swift; sourceTree = "<group>"; };
		DAB2E8A629B33F6800DF8819 /* SceneDelegate.swift */ = {isa = PBXFileReference; lastKnownFileType = sourcecode.swift; path = SceneDelegate.swift; sourceTree = "<group>"; };
		DAB2E8A829B33F6800DF8819 /* ViewController.swift */ = {isa = PBXFileReference; lastKnownFileType = sourcecode.swift; path = ViewController.swift; sourceTree = "<group>"; };
		DAB2E8AB29B33F6800DF8819 /* Base */ = {isa = PBXFileReference; lastKnownFileType = file.storyboard; name = Base; path = Base.lproj/Main.storyboard; sourceTree = "<group>"; };
		DAB2E8AD29B33F6A00DF8819 /* Assets.xcassets */ = {isa = PBXFileReference; lastKnownFileType = folder.assetcatalog; path = Assets.xcassets; sourceTree = "<group>"; };
		DAB2E8B029B33F6A00DF8819 /* Base */ = {isa = PBXFileReference; lastKnownFileType = file.storyboard; name = Base; path = Base.lproj/LaunchScreen.storyboard; sourceTree = "<group>"; };
		DAB2E8B229B33F6A00DF8819 /* Info.plist */ = {isa = PBXFileReference; lastKnownFileType = text.plist.xml; path = Info.plist; sourceTree = "<group>"; };
		DAB2E8BE29B342FD00DF8819 /* ConversationController.swift */ = {isa = PBXFileReference; lastKnownFileType = sourcecode.swift; path = ConversationController.swift; sourceTree = "<group>"; };
		DABB44CD29B4782B0024D7CD /* InputContainerView.swift */ = {isa = PBXFileReference; lastKnownFileType = sourcecode.swift; path = InputContainerView.swift; sourceTree = "<group>"; };
		DABB44CF29B47DED0024D7CD /* CustomTextField.swift */ = {isa = PBXFileReference; lastKnownFileType = sourcecode.swift; path = CustomTextField.swift; sourceTree = "<group>"; };
		DABE115829B786F7003BC48A /* GoogleService-Info.plist */ = {isa = PBXFileReference; lastKnownFileType = text.plist; path = "GoogleService-Info.plist"; sourceTree = SOURCE_ROOT; };
		DAC166DB29B393FC0008C352 /* LoginController.swift */ = {isa = PBXFileReference; lastKnownFileType = sourcecode.swift; path = LoginController.swift; sourceTree = "<group>"; };
		DAC166DD29B394130008C352 /* RegistrationController.swift */ = {isa = PBXFileReference; lastKnownFileType = sourcecode.swift; path = RegistrationController.swift; sourceTree = "<group>"; };
		DAC166DF29B39B020008C352 /* Extentions.swift */ = {isa = PBXFileReference; lastKnownFileType = sourcecode.swift; path = Extentions.swift; sourceTree = "<group>"; };
		DACB826129BC62E9003800BF /* NewMessageController.swift */ = {isa = PBXFileReference; lastKnownFileType = sourcecode.swift; path = NewMessageController.swift; sourceTree = "<group>"; };
		DACB826329BC6E57003800BF /* UserCell.swift */ = {isa = PBXFileReference; lastKnownFileType = sourcecode.swift; path = UserCell.swift; sourceTree = "<group>"; };
		DAD4E51429B87F2100928D7E /* AuthService.swift */ = {isa = PBXFileReference; lastKnownFileType = sourcecode.swift; path = AuthService.swift; sourceTree = "<group>"; };
/* End PBXFileReference section */

/* Begin PBXFrameworksBuildPhase section */
		DAB2E89E29B33F6800DF8819 /* Frameworks */ = {
			isa = PBXFrameworksBuildPhase;
			buildActionMask = 2147483647;
			files = (
				DABE116E29B78A2B003BC48A /* FirebaseDatabase in Frameworks */,
				DABE117C29B78A2B003BC48A /* FirebaseFunctionsCombine-Community in Frameworks */,
				DABE117429B78A2B003BC48A /* FirebaseFirestore in Frameworks */,
				DABE116029B78A2B003BC48A /* FirebaseAnalyticsSwift in Frameworks */,
				DABE115C29B78A2B003BC48A /* FirebaseAnalytics in Frameworks */,
				DABE115E29B78A2B003BC48A /* FirebaseAnalyticsOnDeviceConversion in Frameworks */,
				DABE118429B78A2B003BC48A /* FirebaseMLModelDownloader in Frameworks */,
				DABE119629B78B4A003BC48A /* SDWebImage in Frameworks */,
				DABE117829B78A2B003BC48A /* FirebaseFirestoreSwift in Frameworks */,
				DABE119329B78AE6003BC48A /* JGProgressHUD in Frameworks */,
				DABE116429B78A2B003BC48A /* FirebaseAppCheck in Frameworks */,
				DABE116229B78A2B003BC48A /* FirebaseAnalyticsWithoutAdIdSupport in Frameworks */,
				DABE116829B78A2B003BC48A /* FirebaseAuth in Frameworks */,
				DABE116C29B78A2B003BC48A /* FirebaseCrashlytics in Frameworks */,
				DABE118C29B78A2B003BC48A /* FirebaseRemoteConfigSwift in Frameworks */,
				DABE117E29B78A2B003BC48A /* FirebaseInAppMessaging-Beta in Frameworks */,
				DABE119829B78B4A003BC48A /* SDWebImageMapKit in Frameworks */,
				DABE117029B78A2B003BC48A /* FirebaseDatabaseSwift in Frameworks */,
				DABE117A29B78A2B003BC48A /* FirebaseFunctions in Frameworks */,
				DABE119029B78A2B003BC48A /* FirebaseStorageCombine-Community in Frameworks */,
				DABE118A29B78A2B003BC48A /* FirebaseRemoteConfig in Frameworks */,
				DABE116629B78A2B003BC48A /* FirebaseAppDistribution-Beta in Frameworks */,
				DABE116A29B78A2B003BC48A /* FirebaseAuthCombine-Community in Frameworks */,
				DABE118829B78A2B003BC48A /* FirebasePerformance in Frameworks */,
				DABE118029B78A2B003BC48A /* FirebaseInAppMessagingSwift-Beta in Frameworks */,
				DABE118E29B78A2B003BC48A /* FirebaseStorage in Frameworks */,
				DABE117229B78A2B003BC48A /* FirebaseDynamicLinks in Frameworks */,
				DABE117629B78A2B003BC48A /* FirebaseFirestoreCombine-Community in Frameworks */,
				DABE118629B78A2B003BC48A /* FirebaseMessaging in Frameworks */,
				DABE118229B78A2B003BC48A /* FirebaseInstallations in Frameworks */,
			);
			runOnlyForDeploymentPostprocessing = 0;
		};
/* End PBXFrameworksBuildPhase section */

/* Begin PBXGroup section */
		DAA6019629B4F9E9007DE182 /* Authentication */ = {
			isa = PBXGroup;
			children = (
				DAA6019229B4E4F8007DE182 /* LoginViewModel.swift */,
				DAA6019429B4F9C3007DE182 /* RegistrationViewModel.swift */,
			);
			path = Authentication;
			sourceTree = "<group>";
		};
		DAB2E89829B33F6800DF8819 = {
			isa = PBXGroup;
			children = (
				DAB2E8A329B33F6800DF8819 /* SimpleChatAppWithFirestore */,
				DAB2E8A229B33F6800DF8819 /* Products */,
			);
			sourceTree = "<group>";
		};
		DAB2E8A229B33F6800DF8819 /* Products */ = {
			isa = PBXGroup;
			children = (
				DAB2E8A129B33F6800DF8819 /* SimpleChatAppWithFirestore.app */,
			);
			name = Products;
			sourceTree = "<group>";
		};
		DAB2E8A329B33F6800DF8819 /* SimpleChatAppWithFirestore */ = {
			isa = PBXGroup;
			children = (
				DAB2E8BD29B3420E00DF8819 /* Model */,
				DAB2E8BC29B3420B00DF8819 /* View */,
				DAB2E8BB29B3420800DF8819 /* ViewModel */,
				DAB2E8BA29B3420500DF8819 /* Controller */,
				DACB826129BC62E9003800BF /* NewMessageController.swift */,
				DAB2E8BE29B342FD00DF8819 /* ConversationController.swift */,
				DAB2E8B929B3420200DF8819 /* API */,
				DAB2E8B829B341FC00DF8819 /* Utills */,
				DAB2E8A429B33F6800DF8819 /* AppDelegate.swift */,
				DAB2E8A629B33F6800DF8819 /* SceneDelegate.swift */,
				DAB2E8A829B33F6800DF8819 /* ViewController.swift */,
				DAB2E8AA29B33F6800DF8819 /* Main.storyboard */,
				DAB2E8AD29B33F6A00DF8819 /* Assets.xcassets */,
				DAB2E8AF29B33F6A00DF8819 /* LaunchScreen.storyboard */,
				DABE115829B786F7003BC48A /* GoogleService-Info.plist */,
				DAB2E8B229B33F6A00DF8819 /* Info.plist */,
			);
			path = SimpleChatAppWithFirestore;
			sourceTree = "<group>";
		};
		DAB2E8B829B341FC00DF8819 /* Utills */ = {
			isa = PBXGroup;
			children = (
				DAC166DF29B39B020008C352 /* Extentions.swift */,
			);
			path = Utills;
			sourceTree = "<group>";
		};
		DAB2E8B929B3420200DF8819 /* API */ = {
			isa = PBXGroup;
			children = (
				DAD4E51429B87F2100928D7E /* AuthService.swift */,
			);
			path = API;
			sourceTree = "<group>";
		};
		DAB2E8BA29B3420500DF8819 /* Controller */ = {
			isa = PBXGroup;
			children = (
				DAC166DA29B393DD0008C352 /* Authentication */,
			);
			path = Controller;
			sourceTree = "<group>";
		};
		DAB2E8BB29B3420800DF8819 /* ViewModel */ = {
			isa = PBXGroup;
			children = (
				DAA6019629B4F9E9007DE182 /* Authentication */,
			);
			path = ViewModel;
			sourceTree = "<group>";
		};
		DAB2E8BC29B3420B00DF8819 /* View */ = {
			isa = PBXGroup;
			children = (
				DABB44CD29B4782B0024D7CD /* InputContainerView.swift */,
				DABB44CF29B47DED0024D7CD /* CustomTextField.swift */,
				DACB826329BC6E57003800BF /* UserCell.swift */,
			);
			path = View;
			sourceTree = "<group>";
		};
		DAB2E8BD29B3420E00DF8819 /* Model */ = {
			isa = PBXGroup;
			children = (
			);
			name = Model;
			sourceTree = "<group>";
		};
		DAC166DA29B393DD0008C352 /* Authentication */ = {
			isa = PBXGroup;
			children = (
				DAC166DB29B393FC0008C352 /* LoginController.swift */,
				DAC166DD29B394130008C352 /* RegistrationController.swift */,
			);
			path = Authentication;
			sourceTree = "<group>";
		};
/* End PBXGroup section */

/* Begin PBXNativeTarget section */
		DAB2E8A029B33F6800DF8819 /* SimpleChatAppWithFirestore */ = {
			isa = PBXNativeTarget;
			buildConfigurationList = DAB2E8B529B33F6A00DF8819 /* Build configuration list for PBXNativeTarget "SimpleChatAppWithFirestore" */;
			buildPhases = (
				DAB2E89D29B33F6800DF8819 /* Sources */,
				DAB2E89E29B33F6800DF8819 /* Frameworks */,
				DAB2E89F29B33F6800DF8819 /* Resources */,
			);
			buildRules = (
			);
			dependencies = (
			);
			name = SimpleChatAppWithFirestore;
			packageProductDependencies = (
				DABE115B29B78A2B003BC48A /* FirebaseAnalytics */,
				DABE115D29B78A2B003BC48A /* FirebaseAnalyticsOnDeviceConversion */,
				DABE115F29B78A2B003BC48A /* FirebaseAnalyticsSwift */,
				DABE116129B78A2B003BC48A /* FirebaseAnalyticsWithoutAdIdSupport */,
				DABE116329B78A2B003BC48A /* FirebaseAppCheck */,
				DABE116529B78A2B003BC48A /* FirebaseAppDistribution-Beta */,
				DABE116729B78A2B003BC48A /* FirebaseAuth */,
				DABE116929B78A2B003BC48A /* FirebaseAuthCombine-Community */,
				DABE116B29B78A2B003BC48A /* FirebaseCrashlytics */,
				DABE116D29B78A2B003BC48A /* FirebaseDatabase */,
				DABE116F29B78A2B003BC48A /* FirebaseDatabaseSwift */,
				DABE117129B78A2B003BC48A /* FirebaseDynamicLinks */,
				DABE117329B78A2B003BC48A /* FirebaseFirestore */,
				DABE117529B78A2B003BC48A /* FirebaseFirestoreCombine-Community */,
				DABE117729B78A2B003BC48A /* FirebaseFirestoreSwift */,
				DABE117929B78A2B003BC48A /* FirebaseFunctions */,
				DABE117B29B78A2B003BC48A /* FirebaseFunctionsCombine-Community */,
				DABE117D29B78A2B003BC48A /* FirebaseInAppMessaging-Beta */,
				DABE117F29B78A2B003BC48A /* FirebaseInAppMessagingSwift-Beta */,
				DABE118129B78A2B003BC48A /* FirebaseInstallations */,
				DABE118329B78A2B003BC48A /* FirebaseMLModelDownloader */,
				DABE118529B78A2B003BC48A /* FirebaseMessaging */,
				DABE118729B78A2B003BC48A /* FirebasePerformance */,
				DABE118929B78A2B003BC48A /* FirebaseRemoteConfig */,
				DABE118B29B78A2B003BC48A /* FirebaseRemoteConfigSwift */,
				DABE118D29B78A2B003BC48A /* FirebaseStorage */,
				DABE118F29B78A2B003BC48A /* FirebaseStorageCombine-Community */,
				DABE119229B78AE6003BC48A /* JGProgressHUD */,
				DABE119529B78B4A003BC48A /* SDWebImage */,
				DABE119729B78B4A003BC48A /* SDWebImageMapKit */,
			);
			productName = SimpleChatAppWithFirestore;
			productReference = DAB2E8A129B33F6800DF8819 /* SimpleChatAppWithFirestore.app */;
			productType = "com.apple.product-type.application";
		};
/* End PBXNativeTarget section */

/* Begin PBXProject section */
		DAB2E89929B33F6800DF8819 /* Project object */ = {
			isa = PBXProject;
			attributes = {
				BuildIndependentTargetsInParallel = 1;
				LastSwiftUpdateCheck = 1420;
				LastUpgradeCheck = 1420;
				TargetAttributes = {
					DAB2E8A029B33F6800DF8819 = {
						CreatedOnToolsVersion = 14.2;
					};
				};
			};
			buildConfigurationList = DAB2E89C29B33F6800DF8819 /* Build configuration list for PBXProject "SimpleChatAppWithFirestore" */;
			compatibilityVersion = "Xcode 14.0";
			developmentRegion = en;
			hasScannedForEncodings = 0;
			knownRegions = (
				en,
				Base,
			);
			mainGroup = DAB2E89829B33F6800DF8819;
			packageReferences = (
				DABE115A29B78A2B003BC48A /* XCRemoteSwiftPackageReference "firebase-ios-sdk" */,
				DABE119129B78AE6003BC48A /* XCRemoteSwiftPackageReference "JGProgressHUD" */,
				DABE119429B78B4A003BC48A /* XCRemoteSwiftPackageReference "SDWebImage" */,
			);
			productRefGroup = DAB2E8A229B33F6800DF8819 /* Products */;
			projectDirPath = "";
			projectRoot = "";
			targets = (
				DAB2E8A029B33F6800DF8819 /* SimpleChatAppWithFirestore */,
			);
		};
/* End PBXProject section */

/* Begin PBXResourcesBuildPhase section */
		DAB2E89F29B33F6800DF8819 /* Resources */ = {
			isa = PBXResourcesBuildPhase;
			buildActionMask = 2147483647;
			files = (
				DAB2E8B129B33F6A00DF8819 /* LaunchScreen.storyboard in Resources */,
				DABE115929B786F7003BC48A /* GoogleService-Info.plist in Resources */,
				DAB2E8AE29B33F6A00DF8819 /* Assets.xcassets in Resources */,
				DAB2E8AC29B33F6800DF8819 /* Main.storyboard in Resources */,
			);
			runOnlyForDeploymentPostprocessing = 0;
		};
/* End PBXResourcesBuildPhase section */

/* Begin PBXSourcesBuildPhase section */
		DAB2E89D29B33F6800DF8819 /* Sources */ = {
			isa = PBXSourcesBuildPhase;
			buildActionMask = 2147483647;
			files = (
				DAB2E8A929B33F6800DF8819 /* ViewController.swift in Sources */,
				DAA6019529B4F9C3007DE182 /* RegistrationViewModel.swift in Sources */,
				DABB44CE29B4782B0024D7CD /* InputContainerView.swift in Sources */,
				DAD4E51529B87F2100928D7E /* AuthService.swift in Sources */,
				DAB2E8A529B33F6800DF8819 /* AppDelegate.swift in Sources */,
				DAB2E8BF29B342FD00DF8819 /* ConversationController.swift in Sources */,
				DACB826429BC6E57003800BF /* UserCell.swift in Sources */,
				DAB2E8A729B33F6800DF8819 /* SceneDelegate.swift in Sources */,
				DAC166DE29B394130008C352 /* RegistrationController.swift in Sources */,
				DAC166DC29B393FC0008C352 /* LoginController.swift in Sources */,
				DAC166E029B39B020008C352 /* Extentions.swift in Sources */,
				DAA6019329B4E4F8007DE182 /* LoginViewModel.swift in Sources */,
				DABB44D029B47DED0024D7CD /* CustomTextField.swift in Sources */,
				DACB826229BC62E9003800BF /* NewMessageController.swift in Sources */,
			);
			runOnlyForDeploymentPostprocessing = 0;
		};
/* End PBXSourcesBuildPhase section */

/* Begin PBXVariantGroup section */
		DAB2E8AA29B33F6800DF8819 /* Main.storyboard */ = {
			isa = PBXVariantGroup;
			children = (
				DAB2E8AB29B33F6800DF8819 /* Base */,
			);
			name = Main.storyboard;
			sourceTree = "<group>";
		};
		DAB2E8AF29B33F6A00DF8819 /* LaunchScreen.storyboard */ = {
			isa = PBXVariantGroup;
			children = (
				DAB2E8B029B33F6A00DF8819 /* Base */,
			);
			name = LaunchScreen.storyboard;
			sourceTree = "<group>";
		};
/* End PBXVariantGroup section */

/* Begin XCBuildConfiguration section */
		DAB2E8B329B33F6A00DF8819 /* Debug */ = {
			isa = XCBuildConfiguration;
			buildSettings = {
				ALWAYS_SEARCH_USER_PATHS = NO;
				CLANG_ANALYZER_NONNULL = YES;
				CLANG_ANALYZER_NUMBER_OBJECT_CONVERSION = YES_AGGRESSIVE;
				CLANG_CXX_LANGUAGE_STANDARD = "gnu++20";
				CLANG_ENABLE_MODULES = YES;
				CLANG_ENABLE_OBJC_ARC = YES;
				CLANG_ENABLE_OBJC_WEAK = YES;
				CLANG_WARN_BLOCK_CAPTURE_AUTORELEASING = YES;
				CLANG_WARN_BOOL_CONVERSION = YES;
				CLANG_WARN_COMMA = YES;
				CLANG_WARN_CONSTANT_CONVERSION = YES;
				CLANG_WARN_DEPRECATED_OBJC_IMPLEMENTATIONS = YES;
				CLANG_WARN_DIRECT_OBJC_ISA_USAGE = YES_ERROR;
				CLANG_WARN_DOCUMENTATION_COMMENTS = YES;
				CLANG_WARN_EMPTY_BODY = YES;
				CLANG_WARN_ENUM_CONVERSION = YES;
				CLANG_WARN_INFINITE_RECURSION = YES;
				CLANG_WARN_INT_CONVERSION = YES;
				CLANG_WARN_NON_LITERAL_NULL_CONVERSION = YES;
				CLANG_WARN_OBJC_IMPLICIT_RETAIN_SELF = YES;
				CLANG_WARN_OBJC_LITERAL_CONVERSION = YES;
				CLANG_WARN_OBJC_ROOT_CLASS = YES_ERROR;
				CLANG_WARN_QUOTED_INCLUDE_IN_FRAMEWORK_HEADER = YES;
				CLANG_WARN_RANGE_LOOP_ANALYSIS = YES;
				CLANG_WARN_STRICT_PROTOTYPES = YES;
				CLANG_WARN_SUSPICIOUS_MOVE = YES;
				CLANG_WARN_UNGUARDED_AVAILABILITY = YES_AGGRESSIVE;
				CLANG_WARN_UNREACHABLE_CODE = YES;
				CLANG_WARN__DUPLICATE_METHOD_MATCH = YES;
				COPY_PHASE_STRIP = NO;
				DEBUG_INFORMATION_FORMAT = dwarf;
				ENABLE_STRICT_OBJC_MSGSEND = YES;
				ENABLE_TESTABILITY = YES;
				GCC_C_LANGUAGE_STANDARD = gnu11;
				GCC_DYNAMIC_NO_PIC = NO;
				GCC_NO_COMMON_BLOCKS = YES;
				GCC_OPTIMIZATION_LEVEL = 0;
				GCC_PREPROCESSOR_DEFINITIONS = (
					"DEBUG=1",
					"$(inherited)",
				);
				GCC_WARN_64_TO_32_BIT_CONVERSION = YES;
				GCC_WARN_ABOUT_RETURN_TYPE = YES_ERROR;
				GCC_WARN_UNDECLARED_SELECTOR = YES;
				GCC_WARN_UNINITIALIZED_AUTOS = YES_AGGRESSIVE;
				GCC_WARN_UNUSED_FUNCTION = YES;
				GCC_WARN_UNUSED_VARIABLE = YES;
				IPHONEOS_DEPLOYMENT_TARGET = 16.2;
				MTL_ENABLE_DEBUG_INFO = INCLUDE_SOURCE;
				MTL_FAST_MATH = YES;
				ONLY_ACTIVE_ARCH = YES;
				SDKROOT = iphoneos;
				SWIFT_ACTIVE_COMPILATION_CONDITIONS = DEBUG;
				SWIFT_OPTIMIZATION_LEVEL = "-Onone";
			};
			name = Debug;
		};
		DAB2E8B429B33F6A00DF8819 /* Release */ = {
			isa = XCBuildConfiguration;
			buildSettings = {
				ALWAYS_SEARCH_USER_PATHS = NO;
				CLANG_ANALYZER_NONNULL = YES;
				CLANG_ANALYZER_NUMBER_OBJECT_CONVERSION = YES_AGGRESSIVE;
				CLANG_CXX_LANGUAGE_STANDARD = "gnu++20";
				CLANG_ENABLE_MODULES = YES;
				CLANG_ENABLE_OBJC_ARC = YES;
				CLANG_ENABLE_OBJC_WEAK = YES;
				CLANG_WARN_BLOCK_CAPTURE_AUTORELEASING = YES;
				CLANG_WARN_BOOL_CONVERSION = YES;
				CLANG_WARN_COMMA = YES;
				CLANG_WARN_CONSTANT_CONVERSION = YES;
				CLANG_WARN_DEPRECATED_OBJC_IMPLEMENTATIONS = YES;
				CLANG_WARN_DIRECT_OBJC_ISA_USAGE = YES_ERROR;
				CLANG_WARN_DOCUMENTATION_COMMENTS = YES;
				CLANG_WARN_EMPTY_BODY = YES;
				CLANG_WARN_ENUM_CONVERSION = YES;
				CLANG_WARN_INFINITE_RECURSION = YES;
				CLANG_WARN_INT_CONVERSION = YES;
				CLANG_WARN_NON_LITERAL_NULL_CONVERSION = YES;
				CLANG_WARN_OBJC_IMPLICIT_RETAIN_SELF = YES;
				CLANG_WARN_OBJC_LITERAL_CONVERSION = YES;
				CLANG_WARN_OBJC_ROOT_CLASS = YES_ERROR;
				CLANG_WARN_QUOTED_INCLUDE_IN_FRAMEWORK_HEADER = YES;
				CLANG_WARN_RANGE_LOOP_ANALYSIS = YES;
				CLANG_WARN_STRICT_PROTOTYPES = YES;
				CLANG_WARN_SUSPICIOUS_MOVE = YES;
				CLANG_WARN_UNGUARDED_AVAILABILITY = YES_AGGRESSIVE;
				CLANG_WARN_UNREACHABLE_CODE = YES;
				CLANG_WARN__DUPLICATE_METHOD_MATCH = YES;
				COPY_PHASE_STRIP = NO;
				DEBUG_INFORMATION_FORMAT = "dwarf-with-dsym";
				ENABLE_NS_ASSERTIONS = NO;
				ENABLE_STRICT_OBJC_MSGSEND = YES;
				GCC_C_LANGUAGE_STANDARD = gnu11;
				GCC_NO_COMMON_BLOCKS = YES;
				GCC_WARN_64_TO_32_BIT_CONVERSION = YES;
				GCC_WARN_ABOUT_RETURN_TYPE = YES_ERROR;
				GCC_WARN_UNDECLARED_SELECTOR = YES;
				GCC_WARN_UNINITIALIZED_AUTOS = YES_AGGRESSIVE;
				GCC_WARN_UNUSED_FUNCTION = YES;
				GCC_WARN_UNUSED_VARIABLE = YES;
				IPHONEOS_DEPLOYMENT_TARGET = 16.2;
				MTL_ENABLE_DEBUG_INFO = NO;
				MTL_FAST_MATH = YES;
				SDKROOT = iphoneos;
				SWIFT_COMPILATION_MODE = wholemodule;
				SWIFT_OPTIMIZATION_LEVEL = "-O";
				VALIDATE_PRODUCT = YES;
			};
			name = Release;
		};
		DAB2E8B629B33F6A00DF8819 /* Debug */ = {
			isa = XCBuildConfiguration;
			buildSettings = {
				ASSETCATALOG_COMPILER_APPICON_NAME = AppIcon;
				ASSETCATALOG_COMPILER_GLOBAL_ACCENT_COLOR_NAME = AccentColor;
				CODE_SIGN_STYLE = Automatic;
				CURRENT_PROJECT_VERSION = 1;
				DEVELOPMENT_TEAM = W25CN6H3TY;
				GENERATE_INFOPLIST_FILE = YES;
				INFOPLIST_FILE = SimpleChatAppWithFirestore/Info.plist;
				INFOPLIST_KEY_UIApplicationSupportsIndirectInputEvents = YES;
				INFOPLIST_KEY_UILaunchStoryboardName = LaunchScreen;
				INFOPLIST_KEY_UIMainStoryboardFile = Main;
				INFOPLIST_KEY_UISupportedInterfaceOrientations_iPad = "UIInterfaceOrientationPortrait UIInterfaceOrientationPortraitUpsideDown UIInterfaceOrientationLandscapeLeft UIInterfaceOrientationLandscapeRight";
				INFOPLIST_KEY_UISupportedInterfaceOrientations_iPhone = "UIInterfaceOrientationPortrait UIInterfaceOrientationLandscapeLeft UIInterfaceOrientationLandscapeRight";
				IPHONEOS_DEPLOYMENT_TARGET = 15.0;
				LD_RUNPATH_SEARCH_PATHS = (
					"$(inherited)",
					"@executable_path/Frameworks",
				);
				MARKETING_VERSION = 1.0;
				PRODUCT_BUNDLE_IDENTIFIER = TazoG.SimpleChatAppWithFirestore;
				PRODUCT_NAME = "$(TARGET_NAME)";
				SWIFT_EMIT_LOC_STRINGS = YES;
				SWIFT_VERSION = 5.0;
				TARGETED_DEVICE_FAMILY = "1,2";
			};
			name = Debug;
		};
		DAB2E8B729B33F6A00DF8819 /* Release */ = {
			isa = XCBuildConfiguration;
			buildSettings = {
				ASSETCATALOG_COMPILER_APPICON_NAME = AppIcon;
				ASSETCATALOG_COMPILER_GLOBAL_ACCENT_COLOR_NAME = AccentColor;
				CODE_SIGN_STYLE = Automatic;
				CURRENT_PROJECT_VERSION = 1;
				DEVELOPMENT_TEAM = W25CN6H3TY;
				GENERATE_INFOPLIST_FILE = YES;
				INFOPLIST_FILE = SimpleChatAppWithFirestore/Info.plist;
				INFOPLIST_KEY_UIApplicationSupportsIndirectInputEvents = YES;
				INFOPLIST_KEY_UILaunchStoryboardName = LaunchScreen;
				INFOPLIST_KEY_UIMainStoryboardFile = Main;
				INFOPLIST_KEY_UISupportedInterfaceOrientations_iPad = "UIInterfaceOrientationPortrait UIInterfaceOrientationPortraitUpsideDown UIInterfaceOrientationLandscapeLeft UIInterfaceOrientationLandscapeRight";
				INFOPLIST_KEY_UISupportedInterfaceOrientations_iPhone = "UIInterfaceOrientationPortrait UIInterfaceOrientationLandscapeLeft UIInterfaceOrientationLandscapeRight";
				IPHONEOS_DEPLOYMENT_TARGET = 15.0;
				LD_RUNPATH_SEARCH_PATHS = (
					"$(inherited)",
					"@executable_path/Frameworks",
				);
				MARKETING_VERSION = 1.0;
				PRODUCT_BUNDLE_IDENTIFIER = TazoG.SimpleChatAppWithFirestore;
				PRODUCT_NAME = "$(TARGET_NAME)";
				SWIFT_EMIT_LOC_STRINGS = YES;
				SWIFT_VERSION = 5.0;
				TARGETED_DEVICE_FAMILY = "1,2";
			};
			name = Release;
		};
/* End XCBuildConfiguration section */

/* Begin XCConfigurationList section */
		DAB2E89C29B33F6800DF8819 /* Build configuration list for PBXProject "SimpleChatAppWithFirestore" */ = {
			isa = XCConfigurationList;
			buildConfigurations = (
				DAB2E8B329B33F6A00DF8819 /* Debug */,
				DAB2E8B429B33F6A00DF8819 /* Release */,
			);
			defaultConfigurationIsVisible = 0;
			defaultConfigurationName = Release;
		};
		DAB2E8B529B33F6A00DF8819 /* Build configuration list for PBXNativeTarget "SimpleChatAppWithFirestore" */ = {
			isa = XCConfigurationList;
			buildConfigurations = (
				DAB2E8B629B33F6A00DF8819 /* Debug */,
				DAB2E8B729B33F6A00DF8819 /* Release */,
			);
			defaultConfigurationIsVisible = 0;
			defaultConfigurationName = Release;
		};
/* End XCConfigurationList section */

/* Begin XCRemoteSwiftPackageReference section */
		DABE115A29B78A2B003BC48A /* XCRemoteSwiftPackageReference "firebase-ios-sdk" */ = {
			isa = XCRemoteSwiftPackageReference;
			repositoryURL = "https://github.com/firebase/firebase-ios-sdk";
			requirement = {
				kind = upToNextMajorVersion;
				minimumVersion = 9.0.0;
			};
		};
		DABE119129B78AE6003BC48A /* XCRemoteSwiftPackageReference "JGProgressHUD" */ = {
			isa = XCRemoteSwiftPackageReference;
			repositoryURL = "https://github.com/JonasGessner/JGProgressHUD.git";
			requirement = {
				kind = upToNextMajorVersion;
				minimumVersion = 2.0.0;
			};
		};
		DABE119429B78B4A003BC48A /* XCRemoteSwiftPackageReference "SDWebImage" */ = {
			isa = XCRemoteSwiftPackageReference;
			repositoryURL = "https://github.com/SDWebImage/SDWebImage";
			requirement = {
				kind = upToNextMajorVersion;
				minimumVersion = 5.0.0;
			};
		};
/* End XCRemoteSwiftPackageReference section */

/* Begin XCSwiftPackageProductDependency section */
		DABE115B29B78A2B003BC48A /* FirebaseAnalytics */ = {
			isa = XCSwiftPackageProductDependency;
			package = DABE115A29B78A2B003BC48A /* XCRemoteSwiftPackageReference "firebase-ios-sdk" */;
			productName = FirebaseAnalytics;
		};
		DABE115D29B78A2B003BC48A /* FirebaseAnalyticsOnDeviceConversion */ = {
			isa = XCSwiftPackageProductDependency;
			package = DABE115A29B78A2B003BC48A /* XCRemoteSwiftPackageReference "firebase-ios-sdk" */;
			productName = FirebaseAnalyticsOnDeviceConversion;
		};
		DABE115F29B78A2B003BC48A /* FirebaseAnalyticsSwift */ = {
			isa = XCSwiftPackageProductDependency;
			package = DABE115A29B78A2B003BC48A /* XCRemoteSwiftPackageReference "firebase-ios-sdk" */;
			productName = FirebaseAnalyticsSwift;
		};
		DABE116129B78A2B003BC48A /* FirebaseAnalyticsWithoutAdIdSupport */ = {
			isa = XCSwiftPackageProductDependency;
			package = DABE115A29B78A2B003BC48A /* XCRemoteSwiftPackageReference "firebase-ios-sdk" */;
			productName = FirebaseAnalyticsWithoutAdIdSupport;
		};
		DABE116329B78A2B003BC48A /* FirebaseAppCheck */ = {
			isa = XCSwiftPackageProductDependency;
			package = DABE115A29B78A2B003BC48A /* XCRemoteSwiftPackageReference "firebase-ios-sdk" */;
			productName = FirebaseAppCheck;
		};
		DABE116529B78A2B003BC48A /* FirebaseAppDistribution-Beta */ = {
			isa = XCSwiftPackageProductDependency;
			package = DABE115A29B78A2B003BC48A /* XCRemoteSwiftPackageReference "firebase-ios-sdk" */;
			productName = "FirebaseAppDistribution-Beta";
		};
		DABE116729B78A2B003BC48A /* FirebaseAuth */ = {
			isa = XCSwiftPackageProductDependency;
			package = DABE115A29B78A2B003BC48A /* XCRemoteSwiftPackageReference "firebase-ios-sdk" */;
			productName = FirebaseAuth;
		};
		DABE116929B78A2B003BC48A /* FirebaseAuthCombine-Community */ = {
			isa = XCSwiftPackageProductDependency;
			package = DABE115A29B78A2B003BC48A /* XCRemoteSwiftPackageReference "firebase-ios-sdk" */;
			productName = "FirebaseAuthCombine-Community";
		};
		DABE116B29B78A2B003BC48A /* FirebaseCrashlytics */ = {
			isa = XCSwiftPackageProductDependency;
			package = DABE115A29B78A2B003BC48A /* XCRemoteSwiftPackageReference "firebase-ios-sdk" */;
			productName = FirebaseCrashlytics;
		};
		DABE116D29B78A2B003BC48A /* FirebaseDatabase */ = {
			isa = XCSwiftPackageProductDependency;
			package = DABE115A29B78A2B003BC48A /* XCRemoteSwiftPackageReference "firebase-ios-sdk" */;
			productName = FirebaseDatabase;
		};
		DABE116F29B78A2B003BC48A /* FirebaseDatabaseSwift */ = {
			isa = XCSwiftPackageProductDependency;
			package = DABE115A29B78A2B003BC48A /* XCRemoteSwiftPackageReference "firebase-ios-sdk" */;
			productName = FirebaseDatabaseSwift;
		};
		DABE117129B78A2B003BC48A /* FirebaseDynamicLinks */ = {
			isa = XCSwiftPackageProductDependency;
			package = DABE115A29B78A2B003BC48A /* XCRemoteSwiftPackageReference "firebase-ios-sdk" */;
			productName = FirebaseDynamicLinks;
		};
		DABE117329B78A2B003BC48A /* FirebaseFirestore */ = {
			isa = XCSwiftPackageProductDependency;
			package = DABE115A29B78A2B003BC48A /* XCRemoteSwiftPackageReference "firebase-ios-sdk" */;
			productName = FirebaseFirestore;
		};
		DABE117529B78A2B003BC48A /* FirebaseFirestoreCombine-Community */ = {
			isa = XCSwiftPackageProductDependency;
			package = DABE115A29B78A2B003BC48A /* XCRemoteSwiftPackageReference "firebase-ios-sdk" */;
			productName = "FirebaseFirestoreCombine-Community";
		};
		DABE117729B78A2B003BC48A /* FirebaseFirestoreSwift */ = {
			isa = XCSwiftPackageProductDependency;
			package = DABE115A29B78A2B003BC48A /* XCRemoteSwiftPackageReference "firebase-ios-sdk" */;
			productName = FirebaseFirestoreSwift;
		};
		DABE117929B78A2B003BC48A /* FirebaseFunctions */ = {
			isa = XCSwiftPackageProductDependency;
			package = DABE115A29B78A2B003BC48A /* XCRemoteSwiftPackageReference "firebase-ios-sdk" */;
			productName = FirebaseFunctions;
		};
		DABE117B29B78A2B003BC48A /* FirebaseFunctionsCombine-Community */ = {
			isa = XCSwiftPackageProductDependency;
			package = DABE115A29B78A2B003BC48A /* XCRemoteSwiftPackageReference "firebase-ios-sdk" */;
			productName = "FirebaseFunctionsCombine-Community";
		};
		DABE117D29B78A2B003BC48A /* FirebaseInAppMessaging-Beta */ = {
			isa = XCSwiftPackageProductDependency;
			package = DABE115A29B78A2B003BC48A /* XCRemoteSwiftPackageReference "firebase-ios-sdk" */;
			productName = "FirebaseInAppMessaging-Beta";
		};
		DABE117F29B78A2B003BC48A /* FirebaseInAppMessagingSwift-Beta */ = {
			isa = XCSwiftPackageProductDependency;
			package = DABE115A29B78A2B003BC48A /* XCRemoteSwiftPackageReference "firebase-ios-sdk" */;
			productName = "FirebaseInAppMessagingSwift-Beta";
		};
		DABE118129B78A2B003BC48A /* FirebaseInstallations */ = {
			isa = XCSwiftPackageProductDependency;
			package = DABE115A29B78A2B003BC48A /* XCRemoteSwiftPackageReference "firebase-ios-sdk" */;
			productName = FirebaseInstallations;
		};
		DABE118329B78A2B003BC48A /* FirebaseMLModelDownloader */ = {
			isa = XCSwiftPackageProductDependency;
			package = DABE115A29B78A2B003BC48A /* XCRemoteSwiftPackageReference "firebase-ios-sdk" */;
			productName = FirebaseMLModelDownloader;
		};
		DABE118529B78A2B003BC48A /* FirebaseMessaging */ = {
			isa = XCSwiftPackageProductDependency;
			package = DABE115A29B78A2B003BC48A /* XCRemoteSwiftPackageReference "firebase-ios-sdk" */;
			productName = FirebaseMessaging;
		};
		DABE118729B78A2B003BC48A /* FirebasePerformance */ = {
			isa = XCSwiftPackageProductDependency;
			package = DABE115A29B78A2B003BC48A /* XCRemoteSwiftPackageReference "firebase-ios-sdk" */;
			productName = FirebasePerformance;
		};
		DABE118929B78A2B003BC48A /* FirebaseRemoteConfig */ = {
			isa = XCSwiftPackageProductDependency;
			package = DABE115A29B78A2B003BC48A /* XCRemoteSwiftPackageReference "firebase-ios-sdk" */;
			productName = FirebaseRemoteConfig;
		};
		DABE118B29B78A2B003BC48A /* FirebaseRemoteConfigSwift */ = {
			isa = XCSwiftPackageProductDependency;
			package = DABE115A29B78A2B003BC48A /* XCRemoteSwiftPackageReference "firebase-ios-sdk" */;
			productName = FirebaseRemoteConfigSwift;
		};
		DABE118D29B78A2B003BC48A /* FirebaseStorage */ = {
			isa = XCSwiftPackageProductDependency;
			package = DABE115A29B78A2B003BC48A /* XCRemoteSwiftPackageReference "firebase-ios-sdk" */;
			productName = FirebaseStorage;
		};
		DABE118F29B78A2B003BC48A /* FirebaseStorageCombine-Community */ = {
			isa = XCSwiftPackageProductDependency;
			package = DABE115A29B78A2B003BC48A /* XCRemoteSwiftPackageReference "firebase-ios-sdk" */;
			productName = "FirebaseStorageCombine-Community";
		};
		DABE119229B78AE6003BC48A /* JGProgressHUD */ = {
			isa = XCSwiftPackageProductDependency;
			package = DABE119129B78AE6003BC48A /* XCRemoteSwiftPackageReference "JGProgressHUD" */;
			productName = JGProgressHUD;
		};
		DABE119529B78B4A003BC48A /* SDWebImage */ = {
			isa = XCSwiftPackageProductDependency;
			package = DABE119429B78B4A003BC48A /* XCRemoteSwiftPackageReference "SDWebImage" */;
			productName = SDWebImage;
		};
		DABE119729B78B4A003BC48A /* SDWebImageMapKit */ = {
			isa = XCSwiftPackageProductDependency;
			package = DABE119429B78B4A003BC48A /* XCRemoteSwiftPackageReference "SDWebImage" */;
			productName = SDWebImageMapKit;
		};
/* End XCSwiftPackageProductDependency section */
	};
	rootObject = DAB2E89929B33F6800DF8819 /* Project object */;
}
